
Microsoft Visual Studio Solution File, Format Version 12.00
# Visual Studio 15
VisualStudioVersion = 15.0.28010.2019
MinimumVisualStudioVersion = 10.0.40219.1
Project("{FAE04EC0-301F-11D3-BF4B-00C04F79EFBC}") = "记事本", "记事本\记事本.csproj", "{7B500EC4-5E8C-448A-B7CB-D0B00484FE95}"
EndProject
Global
	GlobalSection(SolutionConfigurationPlatforms) = preSolution
		Debug|Any CPU = Debug|Any CPU
		Release|Any CPU = Release|Any CPU
	EndGlobalSection
	GlobalSection(ProjectConfigurationPlatforms) = postSolution
		{7B500EC4-5E8C-448A-B7CB-D0B00484FE95}.Debug|Any CPU.ActiveCfg = Debug|Any CPU
		{7B500EC4-5E8C-448A-B7CB-D0B00484FE95}.Debug|Any CPU.Build.0 = Debug|Any CPU
		{7B500EC4-5E8C-448A-B7CB-D0B00484FE95}.Release|Any CPU.ActiveCfg = Release|Any CPU
		{7B500EC4-5E8C-448A-B7CB-D0B00484FE95}.Release|Any CPU.Build.0 = Release|Any CPU
	EndGlobalSection
	GlobalSection(SolutionProperties) = preSolution
		HideSolutionNode = FALSE
	EndGlobalSection
	GlobalSection(ExtensibilityGlobals) = postSolution
		SolutionGuid = {B98EFD10-DCF8-4659-843E-57198E5DDB42}
	EndGlobalSection
EndGlobal
